
Microsoft Visual Studio Solution File, Format Version 12.00
# Visual Studio Version 16
VisualStudioVersion = 16.0.31624.102
MinimumVisualStudioVersion = 10.0.40219.1
Project("{FAE04EC0-301F-11D3-BF4B-00C04F79EFBC}") = "SeleniumDynamic", "SeleniumDynamic\SeleniumDynamic.csproj", "{769E5E6E-AC43-4B68-869A-25821CA00BC9}"
EndProject
Global
	GlobalSection(SolutionConfigurationPlatforms) = preSolution
		Debug|Any CPU = Debug|Any CPU
		Release|Any CPU = Release|Any CPU
	EndGlobalSection
	GlobalSection(ProjectConfigurationPlatforms) = postSolution
		{769E5E6E-AC43-4B68-869A-25821CA00BC9}.Debug|Any CPU.ActiveCfg = Debug|Any CPU
		{769E5E6E-AC43-4B68-869A-25821CA00BC9}.Debug|Any CPU.Build.0 = Debug|Any CPU
		{769E5E6E-AC43-4B68-869A-25821CA00BC9}.Release|Any CPU.ActiveCfg = Release|Any CPU
		{769E5E6E-AC43-4B68-869A-25821CA00BC9}.Release|Any CPU.Build.0 = Release|Any CPU
	EndGlobalSection
	GlobalSection(SolutionProperties) = preSolution
		HideSolutionNode = FALSE
	EndGlobalSection
	GlobalSection(ExtensibilityGlobals) = postSolution
		SolutionGuid = {678E449B-1BA7-426B-8A98-844B081416A5}
	EndGlobalSection
EndGlobal
